
Microsoft Visual Studio Solution File, Format Version 12.00
# Visual Studio Version 17
VisualStudioVersion = 17.10.34928.147
MinimumVisualStudioVersion = 10.0.40219.1
Project("{9A19103F-16F7-4668-BE54-9A1E7A4F7556}") = "MovieRental", "MovieRental.csproj", "{EA9441EB-FE4A-479B-AE7F-82199B96716F}"
EndProject
Project("{FAE04EC0-301F-11D3-BF4B-00C04F79EFBC}") = "TestProject1", "..\TestProject1\TestProject1.csproj", "{C010C787-2D32-4E56-A705-A5F7D085E285}"
EndProject
Global
	GlobalSection(SolutionConfigurationPlatforms) = preSolution
		Debug|Any CPU = Debug|Any CPU
		Release|Any CPU = Release|Any CPU
	EndGlobalSection
	GlobalSection(ProjectConfigurationPlatforms) = postSolution
		{EA9441EB-FE4A-479B-AE7F-82199B96716F}.Debug|Any CPU.ActiveCfg = Debug|Any CPU
		{EA9441EB-FE4A-479B-AE7F-82199B96716F}.Debug|Any CPU.Build.0 = Debug|Any CPU
		{EA9441EB-FE4A-479B-AE7F-82199B96716F}.Release|Any CPU.ActiveCfg = Release|Any CPU
		{EA9441EB-FE4A-479B-AE7F-82199B96716F}.Release|Any CPU.Build.0 = Release|Any CPU
		{C010C787-2D32-4E56-A705-A5F7D085E285}.Debug|Any CPU.ActiveCfg = Debug|Any CPU
		{C010C787-2D32-4E56-A705-A5F7D085E285}.Debug|Any CPU.Build.0 = Debug|Any CPU
		{C010C787-2D32-4E56-A705-A5F7D085E285}.Release|Any CPU.ActiveCfg = Release|Any CPU
		{C010C787-2D32-4E56-A705-A5F7D085E285}.Release|Any CPU.Build.0 = Release|Any CPU
	EndGlobalSection
	GlobalSection(SolutionProperties) = preSolution
		HideSolutionNode = FALSE
	EndGlobalSection
	GlobalSection(ExtensibilityGlobals) = postSolution
		SolutionGuid = {27A3F589-9A21-48A4-A4A8-B91D956FB7C6}
	EndGlobalSection
EndGlobal
